// !$*UTF8*$!
{
	archiveVersion = 1;
	classes = {
	};
	objectVersion = 56;
	objects = {

/* Begin PBXBuildFile section */
		982B504A2AAB8B0F005CEAFD /* appleCalculatorApp.swift in Sources */ = {isa = PBXBuildFile; fileRef = 982B50492AAB8B0F005CEAFD /* appleCalculatorApp.swift */; };
		982B504C2AAB8B0F005CEAFD /* ContentView.swift in Sources */ = {isa = PBXBuildFile; fileRef = 982B504B2AAB8B0F005CEAFD /* ContentView.swift */; };
		982B504E2AAB8B10005CEAFD /* Assets.xcassets in Resources */ = {isa = PBXBuildFile; fileRef = 982B504D2AAB8B10005CEAFD /* Assets.xcassets */; };
		982B50512AAB8B10005CEAFD /* Preview Assets.xcassets in Resources */ = {isa = PBXBuildFile; fileRef = 982B50502AAB8B10005CEAFD /* Preview Assets.xcassets */; };
		982B505B2AAB8B10005CEAFD /* appleCalculatorTests.swift in Sources */ = {isa = PBXBuildFile; fileRef = 982B505A2AAB8B10005CEAFD /* appleCalculatorTests.swift */; };
		982B50652AAB8B10005CEAFD /* appleCalculatorUITests.swift in Sources */ = {isa = PBXBuildFile; fileRef = 982B50642AAB8B10005CEAFD /* appleCalculatorUITests.swift */; };
		982B50672AAB8B10005CEAFD /* appleCalculatorUITestsLaunchTests.swift in Sources */ = {isa = PBXBuildFile; fileRef = 982B50662AAB8B10005CEAFD /* appleCalculatorUITestsLaunchTests.swift */; };
/* End PBXBuildFile section */

/* Begin PBXContainerItemProxy section */
		982B50572AAB8B10005CEAFD /* PBXContainerItemProxy */ = {
			isa = PBXContainerItemProxy;
			containerPortal = 982B503E2AAB8B0E005CEAFD /* Project object */;
			proxyType = 1;
			remoteGlobalIDString = 982B50452AAB8B0F005CEAFD;
			remoteInfo = appleCalculator;
		};
		982B50612AAB8B10005CEAFD /* PBXContainerItemProxy */ = {
			isa = PBXContainerItemProxy;
			containerPortal = 982B503E2AAB8B0E005CEAFD /* Project object */;
			proxyType = 1;
			remoteGlobalIDString = 982B50452AAB8B0F005CEAFD;
			remoteInfo = appleCalculator;
		};
/* End PBXContainerItemProxy section */

/* Begin PBXFileReference section */
		982B50462AAB8B0F005CEAFD /* appleCalculator.app */ = {isa = PBXFileReference; explicitFileType = wrapper.application; includeInIndex = 0; path = appleCalculator.app; sourceTree = BUILT_PRODUCTS_DIR; };
		982B50492AAB8B0F005CEAFD /* appleCalculatorApp.swift */ = {isa = PBXFileReference; lastKnownFileType = sourcecode.swift; path = appleCalculatorApp.swift; sourceTree = "<group>"; };
		982B504B2AAB8B0F005CEAFD /* ContentView.swift */ = {isa = PBXFileReference; lastKnownFileType = sourcecode.swift; path = ContentView.swift; sourceTree = "<group>"; };
		982B504D2AAB8B10005CEAFD /* Assets.xcassets */ = {isa = PBXFileReference; lastKnownFileType = folder.assetcatalog; path = Assets.xcassets; sourceTree = "<group>"; };
		982B50502AAB8B10005CEAFD /* Preview Assets.xcassets */ = {isa = PBXFileReference; lastKnownFileType = folder.assetcatalog; path = "Preview Assets.xcassets"; sourceTree = "<group>"; };
		982B50562AAB8B10005CEAFD /* appleCalculatorTests.xctest */ = {isa = PBXFileReference; explicitFileType = wrapper.cfbundle; includeInIndex = 0; path = appleCalculatorTests.xctest; sourceTree = BUILT_PRODUCTS_DIR; };
		982B505A2AAB8B10005CEAFD /* appleCalculatorTests.swift */ = {isa = PBXFileReference; lastKnownFileType = sourcecode.swift; path = appleCalculatorTests.swift; sourceTree = "<group>"; };
		982B50602AAB8B10005CEAFD /* appleCalculatorUITests.xctest */ = {isa = PBXFileReference; explicitFileType = wrapper.cfbundle; includeInIndex = 0; path = appleCalculatorUITests.xctest; sourceTree = BUILT_PRODUCTS_DIR; };
		982B50642AAB8B10005CEAFD /* appleCalculatorUITests.swift */ = {isa = PBXFileReference; lastKnownFileType = sourcecode.swift; path = appleCalculatorUITests.swift; sourceTree = "<group>"; };
		982B50662AAB8B10005CEAFD /* appleCalculatorUITestsLaunchTests.swift */ = {isa = PBXFileReference; lastKnownFileType = sourcecode.swift; path = appleCalculatorUITestsLaunchTests.swift; sourceTree = "<group>"; };
/* End PBXFileReference section */

/* Begin PBXFrameworksBuildPhase section */
		982B50432AAB8B0F005CEAFD /* Frameworks */ = {
			isa = PBXFrameworksBuildPhase;
			buildActionMask = 2147483647;
			files = (
			);
			runOnlyForDeploymentPostprocessing = 0;
		};
		982B50532AAB8B10005CEAFD /* Frameworks */ = {
			isa = PBXFrameworksBuildPhase;
			buildActionMask = 2147483647;
			files = (
			);
			runOnlyForDeploymentPostprocessing = 0;
		};
		982B505D2AAB8B10005CEAFD /* Frameworks */ = {
			isa = PBXFrameworksBuildPhase;
			buildActionMask = 2147483647;
			files = (
			);
			runOnlyForDeploymentPostprocessing = 0;
		};
/* End PBXFrameworksBuildPhase section */

/* Begin PBXGroup section */
		982B503D2AAB8B0E005CEAFD = {
			isa = PBXGroup;
			children = (
				982B50482AAB8B0F005CEAFD /* appleCalculator */,
				982B50592AAB8B10005CEAFD /* appleCalculatorTests */,
				982B50632AAB8B10005CEAFD /* appleCalculatorUITests */,
				982B50472AAB8B0F005CEAFD /* Products */,
			);
			sourceTree = "<group>";
		};
		982B50472AAB8B0F005CEAFD /* Products */ = {
			isa = PBXGroup;
			children = (
				982B50462AAB8B0F005CEAFD /* appleCalculator.app */,
				982B50562AAB8B10005CEAFD /* appleCalculatorTests.xctest */,
				982B50602AAB8B10005CEAFD /* appleCalculatorUITests.xctest */,
			);
			name = Products;
			sourceTree = "<group>";
		};
		982B50482AAB8B0F005CEAFD /* appleCalculator */ = {
			isa = PBXGroup;
			children = (
				982B50492AAB8B0F005CEAFD /* appleCalculatorApp.swift */,
				982B504B2AAB8B0F005CEAFD /* ContentView.swift */,
				982B504D2AAB8B10005CEAFD /* Assets.xcassets */,
				982B504F2AAB8B10005CEAFD /* Preview Content */,
			);
			path = appleCalculator;
			sourceTree = "<group>";
		};
		982B504F2AAB8B10005CEAFD /* Preview Content */ = {
			isa = PBXGroup;
			children = (
				982B50502AAB8B10005CEAFD /* Preview Assets.xcassets */,
			);
			path = "Preview Content";
			sourceTree = "<group>";
		};
		982B50592AAB8B10005CEAFD /* appleCalculatorTests */ = {
			isa = PBXGroup;
			children = (
				982B505A2AAB8B10005CEAFD /* appleCalculatorTests.swift */,
			);
			path = appleCalculatorTests;
			sourceTree = "<group>";
		};
		982B50632AAB8B10005CEAFD /* appleCalculatorUITests */ = {
			isa = PBXGroup;
			children = (
				982B50642AAB8B10005CEAFD /* appleCalculatorUITests.swift */,
				982B50662AAB8B10005CEAFD /* appleCalculatorUITestsLaunchTests.swift */,
			);
			path = appleCalculatorUITests;
			sourceTree = "<group>";
		};
/* End PBXGroup section */

/* Begin PBXNativeTarget section */
		982B50452AAB8B0F005CEAFD /* appleCalculator */ = {
			isa = PBXNativeTarget;
			buildConfigurationList = 982B506A2AAB8B10005CEAFD /* Build configuration list for PBXNativeTarget "appleCalculator" */;
			buildPhases = (
				982B50422AAB8B0F005CEAFD /* Sources */,
				982B50432AAB8B0F005CEAFD /* Frameworks */,
				982B50442AAB8B0F005CEAFD /* Resources */,
			);
			buildRules = (
			);
			dependencies = (
			);
			name = appleCalculator;
			productName = appleCalculator;
			productReference = 982B50462AAB8B0F005CEAFD /* appleCalculator.app */;
			productType = "com.apple.product-type.application";
		};
		982B50552AAB8B10005CEAFD /* appleCalculatorTests */ = {
			isa = PBXNativeTarget;
			buildConfigurationList = 982B506D2AAB8B10005CEAFD /* Build configuration list for PBXNativeTarget "appleCalculatorTests" */;
			buildPhases = (
				982B50522AAB8B10005CEAFD /* Sources */,
				982B50532AAB8B10005CEAFD /* Frameworks */,
				982B50542AAB8B10005CEAFD /* Resources */,
			);
			buildRules = (
			);
			dependencies = (
				982B50582AAB8B10005CEAFD /* PBXTargetDependency */,
			);
			name = appleCalculatorTests;
			productName = appleCalculatorTests;
			productReference = 982B50562AAB8B10005CEAFD /* appleCalculatorTests.xctest */;
			productType = "com.apple.product-type.bundle.unit-test";
		};
		982B505F2AAB8B10005CEAFD /* appleCalculatorUITests */ = {
			isa = PBXNativeTarget;
			buildConfigurationList = 982B50702AAB8B10005CEAFD /* Build configuration list for PBXNativeTarget "appleCalculatorUITests" */;
			buildPhases = (
				982B505C2AAB8B10005CEAFD /* Sources */,
				982B505D2AAB8B10005CEAFD /* Frameworks */,
				982B505E2AAB8B10005CEAFD /* Resources */,
			);
			buildRules = (
			);
			dependencies = (
				982B50622AAB8B10005CEAFD /* PBXTargetDependency */,
			);
			name = appleCalculatorUITests;
			productName = appleCalculatorUITests;
			productReference = 982B50602AAB8B10005CEAFD /* appleCalculatorUITests.xctest */;
			productType = "com.apple.product-type.bundle.ui-testing";
		};
/* End PBXNativeTarget section */

/* Begin PBXProject section */
		982B503E2AAB8B0E005CEAFD /* Project object */ = {
			isa = PBXProject;
			attributes = {
				BuildIndependentTargetsInParallel = 1;
				LastSwiftUpdateCheck = 1410;
				LastUpgradeCheck = 1410;
				TargetAttributes = {
					982B50452AAB8B0F005CEAFD = {
						CreatedOnToolsVersion = 14.1;
					};
					982B50552AAB8B10005CEAFD = {
						CreatedOnToolsVersion = 14.1;
						TestTargetID = 982B50452AAB8B0F005CEAFD;
					};
					982B505F2AAB8B10005CEAFD = {
						CreatedOnToolsVersion = 14.1;
						TestTargetID = 982B50452AAB8B0F005CEAFD;
					};
				};
			};
			buildConfigurationList = 982B50412AAB8B0E005CEAFD /* Build configuration list for PBXProject "appleCalculator" */;
			compatibilityVersion = "Xcode 14.0";
			developmentRegion = en;
			hasScannedForEncodings = 0;
			knownRegions = (
				en,
				Base,
			);
			mainGroup = 982B503D2AAB8B0E005CEAFD;
			productRefGroup = 982B50472AAB8B0F005CEAFD /* Products */;
			projectDirPath = "";
			projectRoot = "";
			targets = (
				982B50452AAB8B0F005CEAFD /* appleCalculator */,
				982B50552AAB8B10005CEAFD /* appleCalculatorTests */,
				982B505F2AAB8B10005CEAFD /* appleCalculatorUITests */,
			);
		};
/* End PBXProject section */

/* Begin PBXResourcesBuildPhase section */
		982B50442AAB8B0F005CEAFD /* Resources */ = {
			isa = PBXResourcesBuildPhase;
			buildActionMask = 2147483647;
			files = (
				982B50512AAB8B10005CEAFD /* Preview Assets.xcassets in Resources */,
				982B504E2AAB8B10005CEAFD /* Assets.xcassets in Resources */,
			);
			runOnlyForDeploymentPostprocessing = 0;
		};
		982B50542AAB8B10005CEAFD /* Resources */ = {
			isa = PBXResourcesBuildPhase;
			buildActionMask = 2147483647;
			files = (
			);
			runOnlyForDeploymentPostprocessing = 0;
		};
		982B505E2AAB8B10005CEAFD /* Resources */ = {
			isa = PBXResourcesBuildPhase;
			buildActionMask = 2147483647;
			files = (
			);
			runOnlyForDeploymentPostprocessing = 0;
		};
/* End PBXResourcesBuildPhase section */

/* Begin PBXSourcesBuildPhase section */
		982B50422AAB8B0F005CEAFD /* Sources */ = {
			isa = PBXSourcesBuildPhase;
			buildActionMask = 2147483647;
			files = (
				982B504C2AAB8B0F005CEAFD /* ContentView.swift in Sources */,
				982B504A2AAB8B0F005CEAFD /* appleCalculatorApp.swift in Sources */,
			);
			runOnlyForDeploymentPostprocessing = 0;
		};
		982B50522AAB8B10005CEAFD /* Sources */ = {
			isa = PBXSourcesBuildPhase;
			buildActionMask = 2147483647;
			files = (
				982B505B2AAB8B10005CEAFD /* appleCalculatorTests.swift in Sources */,
			);
			runOnlyForDeploymentPostprocessing = 0;
		};
		982B505C2AAB8B10005CEAFD /* Sources */ = {
			isa = PBXSourcesBuildPhase;
			buildActionMask = 2147483647;
			files = (
				982B50652AAB8B10005CEAFD /* appleCalculatorUITests.swift in Sources */,
				982B50672AAB8B10005CEAFD /* appleCalculatorUITestsLaunchTests.swift in Sources */,
			);
			runOnlyForDeploymentPostprocessing = 0;
		};
/* End PBXSourcesBuildPhase section */

/* Begin PBXTargetDependency section */
		982B50582AAB8B10005CEAFD /* PBXTargetDependency */ = {
			isa = PBXTargetDependency;
			target = 982B50452AAB8B0F005CEAFD /* appleCalculator */;
			targetProxy = 982B50572AAB8B10005CEAFD /* PBXContainerItemProxy */;
		};
		982B50622AAB8B10005CEAFD /* PBXTargetDependency */ = {
			isa = PBXTargetDependency;
			target = 982B50452AAB8B0F005CEAFD /* appleCalculator */;
			targetProxy = 982B50612AAB8B10005CEAFD /* PBXContainerItemProxy */;
		};
/* End PBXTargetDependency section */

/* Begin XCBuildConfiguration section */
		982B50682AAB8B10005CEAFD /* Debug */ = {
			isa = XCBuildConfiguration;
			buildSettings = {
				ALWAYS_SEARCH_USER_PATHS = NO;
				CLANG_ANALYZER_NONNULL = YES;
				CLANG_ANALYZER_NUMBER_OBJECT_CONVERSION = YES_AGGRESSIVE;
				CLANG_CXX_LANGUAGE_STANDARD = "gnu++20";
				CLANG_ENABLE_MODULES = YES;
				CLANG_ENABLE_OBJC_ARC = YES;
				CLANG_ENABLE_OBJC_WEAK = YES;
				CLANG_WARN_BLOCK_CAPTURE_AUTORELEASING = YES;
				CLANG_WARN_BOOL_CONVERSION = YES;
				CLANG_WARN_COMMA = YES;
				CLANG_WARN_CONSTANT_CONVERSION = YES;
				CLANG_WARN_DEPRECATED_OBJC_IMPLEMENTATIONS = YES;
				CLANG_WARN_DIRECT_OBJC_ISA_USAGE = YES_ERROR;
				CLANG_WARN_DOCUMENTATION_COMMENTS = YES;
				CLANG_WARN_EMPTY_BODY = YES;
				CLANG_WARN_ENUM_CONVERSION = YES;
				CLANG_WARN_INFINITE_RECURSION = YES;
				CLANG_WARN_INT_CONVERSION = YES;
				CLANG_WARN_NON_LITERAL_NULL_CONVERSION = YES;
				CLANG_WARN_OBJC_IMPLICIT_RETAIN_SELF = YES;
				CLANG_WARN_OBJC_LITERAL_CONVERSION = YES;
				CLANG_WARN_OBJC_ROOT_CLASS = YES_ERROR;
				CLANG_WARN_QUOTED_INCLUDE_IN_FRAMEWORK_HEADER = YES;
				CLANG_WARN_RANGE_LOOP_ANALYSIS = YES;
				CLANG_WARN_STRICT_PROTOTYPES = YES;
				CLANG_WARN_SUSPICIOUS_MOVE = YES;
				CLANG_WARN_UNGUARDED_AVAILABILITY = YES_AGGRESSIVE;
				CLANG_WARN_UNREACHABLE_CODE = YES;
				CLANG_WARN__DUPLICATE_METHOD_MATCH = YES;
				COPY_PHASE_STRIP = NO;
				DEBUG_INFORMATION_FORMAT = dwarf;
				ENABLE_STRICT_OBJC_MSGSEND = YES;
				ENABLE_TESTABILITY = YES;
				GCC_C_LANGUAGE_STANDARD = gnu11;
				GCC_DYNAMIC_NO_PIC = NO;
				GCC_NO_COMMON_BLOCKS = YES;
				GCC_OPTIMIZATION_LEVEL = 0;
				GCC_PREPROCESSOR_DEFINITIONS = (
					"DEBUG=1",
					"$(inherited)",
				);
				GCC_WARN_64_TO_32_BIT_CONVERSION = YES;
				GCC_WARN_ABOUT_RETURN_TYPE = YES_ERROR;
				GCC_WARN_UNDECLARED_SELECTOR = YES;
				GCC_WARN_UNINITIALIZED_AUTOS = YES_AGGRESSIVE;
				GCC_WARN_UNUSED_FUNCTION = YES;
				GCC_WARN_UNUSED_VARIABLE = YES;
				IPHONEOS_DEPLOYMENT_TARGET = 16.1;
				MTL_ENABLE_DEBUG_INFO = INCLUDE_SOURCE;
				MTL_FAST_MATH = YES;
				ONLY_ACTIVE_ARCH = YES;
				SDKROOT = iphoneos;
				SWIFT_ACTIVE_COMPILATION_CONDITIONS = DEBUG;
				SWIFT_OPTIMIZATION_LEVEL = "-Onone";
			};
			name = Debug;
		};
		982B50692AAB8B10005CEAFD /* Release */ = {
			isa = XCBuildConfiguration;
			buildSettings = {
				ALWAYS_SEARCH_USER_PATHS = NO;
				CLANG_ANALYZER_NONNULL = YES;
				CLANG_ANALYZER_NUMBER_OBJECT_CONVERSION = YES_AGGRESSIVE;
				CLANG_CXX_LANGUAGE_STANDARD = "gnu++20";
				CLANG_ENABLE_MODULES = YES;
				CLANG_ENABLE_OBJC_ARC = YES;
				CLANG_ENABLE_OBJC_WEAK = YES;
				CLANG_WARN_BLOCK_CAPTURE_AUTORELEASING = YES;
				CLANG_WARN_BOOL_CONVERSION = YES;
				CLANG_WARN_COMMA = YES;
				CLANG_WARN_CONSTANT_CONVERSION = YES;
				CLANG_WARN_DEPRECATED_OBJC_IMPLEMENTATIONS = YES;
				CLANG_WARN_DIRECT_OBJC_ISA_USAGE = YES_ERROR;
				CLANG_WARN_DOCUMENTATION_COMMENTS = YES;
				CLANG_WARN_EMPTY_BODY = YES;
				CLANG_WARN_ENUM_CONVERSION = YES;
				CLANG_WARN_INFINITE_RECURSION = YES;
				CLANG_WARN_INT_CONVERSION = YES;
				CLANG_WARN_NON_LITERAL_NULL_CONVERSION = YES;
				CLANG_WARN_OBJC_IMPLICIT_RETAIN_SELF = YES;
				CLANG_WARN_OBJC_LITERAL_CONVERSION = YES;
				CLANG_WARN_OBJC_ROOT_CLASS = YES_ERROR;
				CLANG_WARN_QUOTED_INCLUDE_IN_FRAMEWORK_HEADER = YES;
				CLANG_WARN_RANGE_LOOP_ANALYSIS = YES;
				CLANG_WARN_STRICT_PROTOTYPES = YES;
				CLANG_WARN_SUSPICIOUS_MOVE = YES;
				CLANG_WARN_UNGUARDED_AVAILABILITY = YES_AGGRESSIVE;
				CLANG_WARN_UNREACHABLE_CODE = YES;
				CLANG_WARN__DUPLICATE_METHOD_MATCH = YES;
				COPY_PHASE_STRIP = NO;
				DEBUG_INFORMATION_FORMAT = "dwarf-with-dsym";
				ENABLE_NS_ASSERTIONS = NO;
				ENABLE_STRICT_OBJC_MSGSEND = YES;
				GCC_C_LANGUAGE_STANDARD = gnu11;
				GCC_NO_COMMON_BLOCKS = YES;
				GCC_WARN_64_TO_32_BIT_CONVERSION = YES;
				GCC_WARN_ABOUT_RETURN_TYPE = YES_ERROR;
				GCC_WARN_UNDECLARED_SELECTOR = YES;
				GCC_WARN_UNINITIALIZED_AUTOS = YES_AGGRESSIVE;
				GCC_WARN_UNUSED_FUNCTION = YES;
				GCC_WARN_UNUSED_VARIABLE = YES;
				IPHONEOS_DEPLOYMENT_TARGET = 16.1;
				MTL_ENABLE_DEBUG_INFO = NO;
				MTL_FAST_MATH = YES;
				SDKROOT = iphoneos;
				SWIFT_COMPILATION_MODE = wholemodule;
				SWIFT_OPTIMIZATION_LEVEL = "-O";
				VALIDATE_PRODUCT = YES;
			};
			name = Release;
		};
		982B506B2AAB8B10005CEAFD /* Debug */ = {
			isa = XCBuildConfiguration;
			buildSettings = {
				ASSETCATALOG_COMPILER_APPICON_NAME = AppIcon;
				ASSETCATALOG_COMPILER_GLOBAL_ACCENT_COLOR_NAME = AccentColor;
				CODE_SIGN_STYLE = Automatic;
				CURRENT_PROJECT_VERSION = 1;
				DEVELOPMENT_ASSET_PATHS = "\"appleCalculator/Preview Content\"";
				ENABLE_PREVIEWS = YES;
				GENERATE_INFOPLIST_FILE = YES;
				INFOPLIST_KEY_UIApplicationSceneManifest_Generation = YES;
				INFOPLIST_KEY_UIApplicationSupportsIndirectInputEvents = YES;
				INFOPLIST_KEY_UILaunchScreen_Generation = YES;
				INFOPLIST_KEY_UISupportedInterfaceOrientations_iPad = "UIInterfaceOrientationPortrait UIInterfaceOrientationPortraitUpsideDown UIInterfaceOrientationLandscapeLeft UIInterfaceOrientationLandscapeRight";
				INFOPLIST_KEY_UISupportedInterfaceOrientations_iPhone = "UIInterfaceOrientationPortrait UIInterfaceOrientationLandscapeLeft UIInterfaceOrientationLandscapeRight";
				LD_RUNPATH_SEARCH_PATHS = (
					"$(inherited)",
					"@executable_path/Frameworks",
				);
				MARKETING_VERSION = 1.0;
				PRODUCT_BUNDLE_IDENTIFIER = bobbyhoopes.appleCalculator;
				PRODUCT_NAME = "$(TARGET_NAME)";
				SWIFT_EMIT_LOC_STRINGS = YES;
				SWIFT_VERSION = 5.0;
				TARGETED_DEVICE_FAMILY = "1,2";
			};
			name = Debug;
		};
		982B506C2AAB8B10005CEAFD /* Release */ = {
			isa = XCBuildConfiguration;
			buildSettings = {
				ASSETCATALOG_COMPILER_APPICON_NAME = AppIcon;
				ASSETCATALOG_COMPILER_GLOBAL_ACCENT_COLOR_NAME = AccentColor;
				CODE_SIGN_STYLE = Automatic;
				CURRENT_PROJECT_VERSION = 1;
				DEVELOPMENT_ASSET_PATHS = "\"appleCalculator/Preview Content\"";
				ENABLE_PREVIEWS = YES;
				GENERATE_INFOPLIST_FILE = YES;
				INFOPLIST_KEY_UIApplicationSceneManifest_Generation = YES;
				INFOPLIST_KEY_UIApplicationSupportsIndirectInputEvents = YES;
				INFOPLIST_KEY_UILaunchScreen_Generation = YES;
				INFOPLIST_KEY_UISupportedInterfaceOrientations_iPad = "UIInterfaceOrientationPortrait UIInterfaceOrientationPortraitUpsideDown UIInterfaceOrientationLandscapeLeft UIInterfaceOrientationLandscapeRight";
				INFOPLIST_KEY_UISupportedInterfaceOrientations_iPhone = "UIInterfaceOrientationPortrait UIInterfaceOrientationLandscapeLeft UIInterfaceOrientationLandscapeRight";
				LD_RUNPATH_SEARCH_PATHS = (
					"$(inherited)",
					"@executable_path/Frameworks",
				);
				MARKETING_VERSION = 1.0;
				PRODUCT_BUNDLE_IDENTIFIER = bobbyhoopes.appleCalculator;
				PRODUCT_NAME = "$(TARGET_NAME)";
				SWIFT_EMIT_LOC_STRINGS = YES;
				SWIFT_VERSION = 5.0;
				TARGETED_DEVICE_FAMILY = "1,2";
			};
			name = Release;
		};
		982B506E2AAB8B10005CEAFD /* Debug */ = {
			isa = XCBuildConfiguration;
			buildSettings = {
				ALWAYS_EMBED_SWIFT_STANDARD_LIBRARIES = YES;
				BUNDLE_LOADER = "$(TEST_HOST)";
				CODE_SIGN_STYLE = Automatic;
				CURRENT_PROJECT_VERSION = 1;
				GENERATE_INFOPLIST_FILE = YES;
				IPHONEOS_DEPLOYMENT_TARGET = 16.1;
				MARKETING_VERSION = 1.0;
				PRODUCT_BUNDLE_IDENTIFIER = bobbyhoopes.appleCalculatorTests;
				PRODUCT_NAME = "$(TARGET_NAME)";
				SWIFT_EMIT_LOC_STRINGS = NO;
				SWIFT_VERSION = 5.0;
				TARGETED_DEVICE_FAMILY = "1,2";
				TEST_HOST = "$(BUILT_PRODUCTS_DIR)/appleCalculator.app/$(BUNDLE_EXECUTABLE_FOLDER_PATH)/appleCalculator";
			};
			name = Debug;
		};
		982B506F2AAB8B10005CEAFD /* Release */ = {
			isa = XCBuildConfiguration;
			buildSettings = {
				ALWAYS_EMBED_SWIFT_STANDARD_LIBRARIES = YES;
				BUNDLE_LOADER = "$(TEST_HOST)";
				CODE_SIGN_STYLE = Automatic;
				CURRENT_PROJECT_VERSION = 1;
				GENERATE_INFOPLIST_FILE = YES;
				IPHONEOS_DEPLOYMENT_TARGET = 16.1;
				MARKETING_VERSION = 1.0;
				PRODUCT_BUNDLE_IDENTIFIER = bobbyhoopes.appleCalculatorTests;
				PRODUCT_NAME = "$(TARGET_NAME)";
				SWIFT_EMIT_LOC_STRINGS = NO;
				SWIFT_VERSION = 5.0;
				TARGETED_DEVICE_FAMILY = "1,2";
				TEST_HOST = "$(BUILT_PRODUCTS_DIR)/appleCalculator.app/$(BUNDLE_EXECUTABLE_FOLDER_PATH)/appleCalculator";
			};
			name = Release;
		};
		982B50712AAB8B10005CEAFD /* Debug */ = {
			isa = XCBuildConfiguration;
			buildSettings = {
				ALWAYS_EMBED_SWIFT_STANDARD_LIBRARIES = YES;
				CODE_SIGN_STYLE = Automatic;
				CURRENT_PROJECT_VERSION = 1;
				GENERATE_INFOPLIST_FILE = YES;
				MARKETING_VERSION = 1.0;
				PRODUCT_BUNDLE_IDENTIFIER = bobbyhoopes.appleCalculatorUITests;
				PRODUCT_NAME = "$(TARGET_NAME)";
				SWIFT_EMIT_LOC_STRINGS = NO;
				SWIFT_VERSION = 5.0;
				TARGETED_DEVICE_FAMILY = "1,2";
				TEST_TARGET_NAME = appleCalculator;
			};
			name = Debug;
		};
		982B50722AAB8B10005CEAFD /* Release */ = {
			isa = XCBuildConfiguration;
			buildSettings = {
				ALWAYS_EMBED_SWIFT_STANDARD_LIBRARIES = YES;
				CODE_SIGN_STYLE = Automatic;
				CURRENT_PROJECT_VERSION = 1;
				GENERATE_INFOPLIST_FILE = YES;
				MARKETING_VERSION = 1.0;
				PRODUCT_BUNDLE_IDENTIFIER = bobbyhoopes.appleCalculatorUITests;
				PRODUCT_NAME = "$(TARGET_NAME)";
				SWIFT_EMIT_LOC_STRINGS = NO;
				SWIFT_VERSION = 5.0;
				TARGETED_DEVICE_FAMILY = "1,2";
				TEST_TARGET_NAME = appleCalculator;
			};
			name = Release;
		};
/* End XCBuildConfiguration section */

/* Begin XCConfigurationList section */
		982B50412AAB8B0E005CEAFD /* Build configuration list for PBXProject "appleCalculator" */ = {
			isa = XCConfigurationList;
			buildConfigurations = (
				982B50682AAB8B10005CEAFD /* Debug */,
				982B50692AAB8B10005CEAFD /* Release */,
			);
			defaultConfigurationIsVisible = 0;
			defaultConfigurationName = Release;
		};
		982B506A2AAB8B10005CEAFD /* Build configuration list for PBXNativeTarget "appleCalculator" */ = {
			isa = XCConfigurationList;
			buildConfigurations = (
				982B506B2AAB8B10005CEAFD /* Debug */,
				982B506C2AAB8B10005CEAFD /* Release */,
			);
			defaultConfigurationIsVisible = 0;
			defaultConfigurationName = Release;
		};
		982B506D2AAB8B10005CEAFD /* Build configuration list for PBXNativeTarget "appleCalculatorTests" */ = {
			isa = XCConfigurationList;
			buildConfigurations = (
				982B506E2AAB8B10005CEAFD /* Debug */,
				982B506F2AAB8B10005CEAFD /* Release */,
			);
			defaultConfigurationIsVisible = 0;
			defaultConfigurationName = Release;
		};
		982B50702AAB8B10005CEAFD /* Build configuration list for PBXNativeTarget "appleCalculatorUITests" */ = {
			isa = XCConfigurationList;
			buildConfigurations = (
				982B50712AAB8B10005CEAFD /* Debug */,
				982B50722AAB8B10005CEAFD /* Release */,
			);
			defaultConfigurationIsVisible = 0;
			defaultConfigurationName = Release;
		};
/* End XCConfigurationList section */
	};
	rootObject = 982B503E2AAB8B0E005CEAFD /* Project object */;
}
